<?xml version="1.0" encoding="utf-8"?>
<Project ToolsVersion="4.0" xmlns="http://schemas.microsoft.com/developer/msbuild/2003">
  <ItemGroup>
    <ClCompile Include="src\detector.cpp" />
    <ClCompile Include="src\parser\ini_parser.cpp">
      <Filter>parser</Filter>
    </ClCompile>
    <ClCompile Include="src\layers\layer.cpp">
      <Filter>layers</Filter>
    </ClCompile>
    <ClCompile Include="src\layers\convolutional_layer.cpp">
      <Filter>layers</Filter>
    </ClCompile>
    <ClCompile Include="src\layers\network.cpp">
      <Filter>layers</Filter>
    </ClCompile>
    <ClCompile Include="src\layers\route_layer.cpp">
      <Filter>layers</Filter>
    </ClCompile>
    <ClCompile Include="src\layers\upsample_layer.cpp">
      <Filter>layers</Filter>
    </ClCompile>
    <ClCompile Include="src\layers\yolo_layer.cpp">
      <Filter>layers</Filter>
    </ClCompile>
    <ClCompile Include="src\layers\maxpool_layer.cpp">
      <Filter>layers</Filter>
    </ClCompile>
    <ClCompile Include="src\main.cpp" />
    <ClCompile Include="src\utils\image_util.cpp">
      <Filter>utils</Filter>
    </ClCompile>
    <ClCompile Include="src\utils\string_util.cpp">
      <Filter>utils</Filter>
    </ClCompile>
    <ClCompile Include="src\box.cpp" />
    <ClCompile Include="src\utils\args_util.cpp">
      <Filter>utils</Filter>
    </ClCompile>
  </ItemGroup>
  <ItemGroup>
    <ClInclude Include="src\box.h" />
    <ClInclude Include="src\detector.h" />
    <ClInclude Include="src\stb_image.h" />
    <ClInclude Include="src\stb_image_write.h" />
    <ClInclude Include="src\parser\ini_parser.h">
      <Filter>parser</Filter>
    </ClInclude>
    <ClInclude Include="src\layers\convolutional_layer.h">
      <Filter>layers</Filter>
    </ClInclude>
    <ClInclude Include="src\layers\layer.h">
      <Filter>layers</Filter>
    </ClInclude>
    <ClInclude Include="src\layers\network.h">
      <Filter>layers</Filter>
    </ClInclude>
    <ClInclude Include="src\layers\route_layer.h">
      <Filter>layers</Filter>
    </ClInclude>
    <ClInclude Include="src\layers\upsample_layer.h">
      <Filter>layers</Filter>
    </ClInclude>
    <ClInclude Include="src\layers\yolo_layer.h">
      <Filter>layers</Filter>
    </ClInclude>
    <ClInclude Include="src\layers\maxpool_layer.h">
      <Filter>layers</Filter>
    </ClInclude>
    <ClInclude Include="src\utils\image_util.h">
      <Filter>utils</Filter>
    </ClInclude>
    <ClInclude Include="src\utils\string_util.h">
      <Filter>utils</Filter>
    </ClInclude>
    <ClInclude Include="src\utils\args_util.h">
      <Filter>utils</Filter>
    </ClInclude>
  </ItemGroup>
  <ItemGroup>
    <Filter Include="parser">
      <UniqueIdentifier>{a90d9b87-e5bd-418f-8af0-1aa8f435ac37}</UniqueIdentifier>
    </Filter>
    <Filter Include="layers">
      <UniqueIdentifier>{991a5eaa-569c-458a-950a-a6a27efe4e96}</UniqueIdentifier>
    </Filter>
    <Filter Include="utils">
      <UniqueIdentifier>{b2cbf1a6-78e0-4050-8512-71a90b74cad7}</UniqueIdentifier>
    </Filter>
  </ItemGroup>
</Project>